
Microsoft Visual Studio Solution File, Format Version 12.00
# Visual Studio Version 17
VisualStudioVersion = 17.5.33502.453
MinimumVisualStudioVersion = 10.0.40219.1
Project("{FAE04EC0-301F-11D3-BF4B-00C04F79EFBC}") = "Employee", "Employee\Employee.csproj", "{30AC3F55-B087-487D-BD03-258B5E6680A4}"
EndProject
Project("{FAE04EC0-301F-11D3-BF4B-00C04F79EFBC}") = "Employee.Entity", "Employee.Entity\Employee.Entity.csproj", "{8BD90337-C913-4566-9ACE-6A6F13AABD66}"
EndProject
Project("{FAE04EC0-301F-11D3-BF4B-00C04F79EFBC}") = "Employee.Services", "Employee.Services\Employee.Services.csproj", "{48BEF404-B54D-481B-97C3-4907484792CD}"
EndProject
Project("{FAE04EC0-301F-11D3-BF4B-00C04F79EFBC}") = "Employee.DataAccess", "Employee.DataAccess\Employee.DataAccess.csproj", "{148F2D20-0F47-411A-A9E4-EEC28D1F19FD}"
EndProject
Global
	GlobalSection(SolutionConfigurationPlatforms) = preSolution
		Debug|Any CPU = Debug|Any CPU
		Release|Any CPU = Release|Any CPU
	EndGlobalSection
	GlobalSection(ProjectConfigurationPlatforms) = postSolution
		{30AC3F55-B087-487D-BD03-258B5E6680A4}.Debug|Any CPU.ActiveCfg = Debug|Any CPU
		{30AC3F55-B087-487D-BD03-258B5E6680A4}.Debug|Any CPU.Build.0 = Debug|Any CPU
		{30AC3F55-B087-487D-BD03-258B5E6680A4}.Release|Any CPU.ActiveCfg = Release|Any CPU
		{30AC3F55-B087-487D-BD03-258B5E6680A4}.Release|Any CPU.Build.0 = Release|Any CPU
		{8BD90337-C913-4566-9ACE-6A6F13AABD66}.Debug|Any CPU.ActiveCfg = Debug|Any CPU
		{8BD90337-C913-4566-9ACE-6A6F13AABD66}.Debug|Any CPU.Build.0 = Debug|Any CPU
		{8BD90337-C913-4566-9ACE-6A6F13AABD66}.Release|Any CPU.ActiveCfg = Release|Any CPU
		{8BD90337-C913-4566-9ACE-6A6F13AABD66}.Release|Any CPU.Build.0 = Release|Any CPU
		{48BEF404-B54D-481B-97C3-4907484792CD}.Debug|Any CPU.ActiveCfg = Debug|Any CPU
		{48BEF404-B54D-481B-97C3-4907484792CD}.Debug|Any CPU.Build.0 = Debug|Any CPU
		{48BEF404-B54D-481B-97C3-4907484792CD}.Release|Any CPU.ActiveCfg = Release|Any CPU
		{48BEF404-B54D-481B-97C3-4907484792CD}.Release|Any CPU.Build.0 = Release|Any CPU
		{148F2D20-0F47-411A-A9E4-EEC28D1F19FD}.Debug|Any CPU.ActiveCfg = Debug|Any CPU
		{148F2D20-0F47-411A-A9E4-EEC28D1F19FD}.Debug|Any CPU.Build.0 = Debug|Any CPU
		{148F2D20-0F47-411A-A9E4-EEC28D1F19FD}.Release|Any CPU.ActiveCfg = Release|Any CPU
		{148F2D20-0F47-411A-A9E4-EEC28D1F19FD}.Release|Any CPU.Build.0 = Release|Any CPU
	EndGlobalSection
	GlobalSection(SolutionProperties) = preSolution
		HideSolutionNode = FALSE
	EndGlobalSection
	GlobalSection(ExtensibilityGlobals) = postSolution
		SolutionGuid = {D3316A16-C361-4D51-95DF-CF85E1071105}
	EndGlobalSection
EndGlobal
